
Microsoft Visual Studio Solution File, Format Version 12.00
# Visual Studio 15
VisualStudioVersion = 15.0.27703.2000
MinimumVisualStudioVersion = 10.0.40219.1
Project("{9A19103F-16F7-4668-BE54-9A1E7A4F7556}") = "WebApp", "WebApp\WebApp.csproj", "{B4058031-6CF2-413F-9ADF-95C2D0D1105F}"
EndProject
Project("{9A19103F-16F7-4668-BE54-9A1E7A4F7556}") = "WebApi", "WebApi\WebApi.csproj", "{A0B21FC0-1298-499D-A9C0-D86DCEB57E4A}"
EndProject
Project("{E53339B2-1760-4266-BCC7-CA923CBCF16C}") = "docker-compose", "docker-compose.dcproj", "{69318DEE-B287-4372-8228-500F237515DE}"
EndProject
Project("{9A19103F-16F7-4668-BE54-9A1E7A4F7556}") = "WebApi.Tests", "WebApi.Tests\WebApi.Tests.csproj", "{8F6BBB22-F4C1-4A87-B81B-5E5238C6582F}"
EndProject
Project("{2150E333-8FDC-42A3-9474-1A3956D46DE8}") = "Testing", "Testing", "{3D22C226-A26D-4D31-9EEB-42B12A5DBC72}"
EndProject
Project("{2150E333-8FDC-42A3-9474-1A3956D46DE8}") = "Services", "Services", "{4C13695D-AC87-489D-AE26-644B63ECC540}"
EndProject
Global
	GlobalSection(SolutionConfigurationPlatforms) = preSolution
		Debug|Any CPU = Debug|Any CPU
		Release|Any CPU = Release|Any CPU
	EndGlobalSection
	GlobalSection(ProjectConfigurationPlatforms) = postSolution
		{B4058031-6CF2-413F-9ADF-95C2D0D1105F}.Debug|Any CPU.ActiveCfg = Debug|Any CPU
		{B4058031-6CF2-413F-9ADF-95C2D0D1105F}.Debug|Any CPU.Build.0 = Debug|Any CPU
		{B4058031-6CF2-413F-9ADF-95C2D0D1105F}.Release|Any CPU.ActiveCfg = Release|Any CPU
		{B4058031-6CF2-413F-9ADF-95C2D0D1105F}.Release|Any CPU.Build.0 = Release|Any CPU
		{A0B21FC0-1298-499D-A9C0-D86DCEB57E4A}.Debug|Any CPU.ActiveCfg = Debug|Any CPU
		{A0B21FC0-1298-499D-A9C0-D86DCEB57E4A}.Debug|Any CPU.Build.0 = Debug|Any CPU
		{A0B21FC0-1298-499D-A9C0-D86DCEB57E4A}.Release|Any CPU.ActiveCfg = Release|Any CPU
		{A0B21FC0-1298-499D-A9C0-D86DCEB57E4A}.Release|Any CPU.Build.0 = Release|Any CPU
		{69318DEE-B287-4372-8228-500F237515DE}.Debug|Any CPU.ActiveCfg = Debug|Any CPU
		{69318DEE-B287-4372-8228-500F237515DE}.Debug|Any CPU.Build.0 = Debug|Any CPU
		{69318DEE-B287-4372-8228-500F237515DE}.Release|Any CPU.ActiveCfg = Release|Any CPU
		{69318DEE-B287-4372-8228-500F237515DE}.Release|Any CPU.Build.0 = Release|Any CPU
		{8F6BBB22-F4C1-4A87-B81B-5E5238C6582F}.Debug|Any CPU.ActiveCfg = Debug|Any CPU
		{8F6BBB22-F4C1-4A87-B81B-5E5238C6582F}.Debug|Any CPU.Build.0 = Debug|Any CPU
		{8F6BBB22-F4C1-4A87-B81B-5E5238C6582F}.Release|Any CPU.ActiveCfg = Release|Any CPU
		{8F6BBB22-F4C1-4A87-B81B-5E5238C6582F}.Release|Any CPU.Build.0 = Release|Any CPU
	EndGlobalSection
	GlobalSection(SolutionProperties) = preSolution
		HideSolutionNode = FALSE
	EndGlobalSection
	GlobalSection(NestedProjects) = preSolution
		{B4058031-6CF2-413F-9ADF-95C2D0D1105F} = {4C13695D-AC87-489D-AE26-644B63ECC540}
		{A0B21FC0-1298-499D-A9C0-D86DCEB57E4A} = {4C13695D-AC87-489D-AE26-644B63ECC540}
		{8F6BBB22-F4C1-4A87-B81B-5E5238C6582F} = {3D22C226-A26D-4D31-9EEB-42B12A5DBC72}
	EndGlobalSection
	GlobalSection(ExtensibilityGlobals) = postSolution
		SolutionGuid = {BFA728FF-2C8A-47C0-A241-2A5CD5C65071}
	EndGlobalSection
EndGlobal
